# This file is automatically @generated by Veryl.
# It is not intended for manual editing.
version = 1

[[projects]]
name = "vip"
dependencies = []

[projects.source]
uuid = "8d402ccd-85c8-5316-893f-50ae0102fc52"
url = "https://github.com/veryl-lang/vip"
path = ""
project = "vip"
version = "0.1.0"
revision = "63b1d8b7f94c162ec15566401b57d7df7682bea0"

[projects.properties]
